dependencies:
- name: prometheus
  repository: https://prometheus-community.github.io/helm-charts
  version: 15.10.5
- name: grafana
  repository: https://grafana.github.io/helm-charts
  version: 6.32.7
- name: elasticsearch
  repository: https://charts.bitnami.com/bitnami
  version: 19.1.1
digest: sha256:73a60a12ac4fbeb4b73669e8b6cac3811154aec9b51e5ea80d59f81e162ed20d
generated: "2022-07-27T17:21:06.907888+03:00"
